
Microsoft Visual Studio Solution File, Format Version 12.00
# Visual Studio 15
VisualStudioVersion = 15.0.28307.1231
MinimumVisualStudioVersion = 10.0.40219.1
Project("{FAE04EC0-301F-11D3-BF4B-00C04F79EFBC}") = "ToDo", "ToDo\ToDo.csproj", "{38FD744B-E547-4844-92FD-BF1D866BB65C}"
EndProject
Global
	GlobalSection(SolutionConfigurationPlatforms) = preSolution
		Debug|Any CPU = Debug|Any CPU
		Release|Any CPU = Release|Any CPU
	EndGlobalSection
	GlobalSection(ProjectConfigurationPlatforms) = postSolution
		{38FD744B-E547-4844-92FD-BF1D866BB65C}.Debug|Any CPU.ActiveCfg = Debug|Any CPU
		{38FD744B-E547-4844-92FD-BF1D866BB65C}.Debug|Any CPU.Build.0 = Debug|Any CPU
		{38FD744B-E547-4844-92FD-BF1D866BB65C}.Release|Any CPU.ActiveCfg = Release|Any CPU
		{38FD744B-E547-4844-92FD-BF1D866BB65C}.Release|Any CPU.Build.0 = Release|Any CPU
	EndGlobalSection
	GlobalSection(SolutionProperties) = preSolution
		HideSolutionNode = FALSE
	EndGlobalSection
	GlobalSection(ExtensibilityGlobals) = postSolution
		SolutionGuid = {A7E892CE-F3D5-425B-9753-3AC43F435453}
	EndGlobalSection
EndGlobal
